// !$*UTF8*$!
{
	archiveVersion = 1;
	classes = {
	};
	objectVersion = 77;
	objects = {

/* Begin PBXBuildFile section */
		87CF1EAC2DACF3AF003322F1 /* ViewInspector in Frameworks */ = {isa = PBXBuildFile; productRef = 87CF1EAB2DACF3AF003322F1 /* ViewInspector */; };
/* End PBXBuildFile section */

/* Begin PBXContainerItemProxy section */
		87CF1DA52DACE7BB003322F1 /* PBXContainerItemProxy */ = {
			isa = PBXContainerItemProxy;
			containerPortal = 87CF1D8C2DACE7BA003322F1 /* Project object */;
			proxyType = 1;
			remoteGlobalIDString = 87CF1D932DACE7BA003322F1;
			remoteInfo = RM;
		};
		87CF1DAF2DACE7BB003322F1 /* PBXContainerItemProxy */ = {
			isa = PBXContainerItemProxy;
			containerPortal = 87CF1D8C2DACE7BA003322F1 /* Project object */;
			proxyType = 1;
			remoteGlobalIDString = 87CF1D932DACE7BA003322F1;
			remoteInfo = RM;
		};
/* End PBXContainerItemProxy section */

/* Begin PBXFileReference section */
		87CF1D942DACE7BA003322F1 /* RM.app */ = {isa = PBXFileReference; explicitFileType = wrapper.application; includeInIndex = 0; path = RM.app; sourceTree = BUILT_PRODUCTS_DIR; };
		87CF1DA42DACE7BB003322F1 /* RMTests.xctest */ = {isa = PBXFileReference; explicitFileType = wrapper.cfbundle; includeInIndex = 0; path = RMTests.xctest; sourceTree = BUILT_PRODUCTS_DIR; };
		87CF1DAE2DACE7BB003322F1 /* RMUITests.xctest */ = {isa = PBXFileReference; explicitFileType = wrapper.cfbundle; includeInIndex = 0; path = RMUITests.xctest; sourceTree = BUILT_PRODUCTS_DIR; };
/* End PBXFileReference section */

/* Begin PBXFileSystemSynchronizedRootGroup section */
		87CF1D962DACE7BA003322F1 /* RM */ = {
			isa = PBXFileSystemSynchronizedRootGroup;
			path = RM;
			sourceTree = "<group>";
		};
		87CF1DA72DACE7BB003322F1 /* RMTests */ = {
			isa = PBXFileSystemSynchronizedRootGroup;
			path = RMTests;
			sourceTree = "<group>";
		};
		87CF1DB12DACE7BB003322F1 /* RMUITests */ = {
			isa = PBXFileSystemSynchronizedRootGroup;
			path = RMUITests;
			sourceTree = "<group>";
		};
/* End PBXFileSystemSynchronizedRootGroup section */

/* Begin PBXFrameworksBuildPhase section */
		87CF1D912DACE7BA003322F1 /* Frameworks */ = {
			isa = PBXFrameworksBuildPhase;
			buildActionMask = 2147483647;
			files = (
			);
			runOnlyForDeploymentPostprocessing = 0;
		};
		87CF1DA12DACE7BB003322F1 /* Frameworks */ = {
			isa = PBXFrameworksBuildPhase;
			buildActionMask = 2147483647;
			files = (
				87CF1EAC2DACF3AF003322F1 /* ViewInspector in Frameworks */,
			);
			runOnlyForDeploymentPostprocessing = 0;
		};
		87CF1DAB2DACE7BB003322F1 /* Frameworks */ = {
			isa = PBXFrameworksBuildPhase;
			buildActionMask = 2147483647;
			files = (
			);
			runOnlyForDeploymentPostprocessing = 0;
		};
/* End PBXFrameworksBuildPhase section */

/* Begin PBXGroup section */
		87CF1D8B2DACE7BA003322F1 = {
			isa = PBXGroup;
			children = (
				87CF1D962DACE7BA003322F1 /* RM */,
				87CF1DA72DACE7BB003322F1 /* RMTests */,
				87CF1DB12DACE7BB003322F1 /* RMUITests */,
				87CF1D952DACE7BA003322F1 /* Products */,
			);
			sourceTree = "<group>";
		};
		87CF1D952DACE7BA003322F1 /* Products */ = {
			isa = PBXGroup;
			children = (
				87CF1D942DACE7BA003322F1 /* RM.app */,
				87CF1DA42DACE7BB003322F1 /* RMTests.xctest */,
				87CF1DAE2DACE7BB003322F1 /* RMUITests.xctest */,
			);
			name = Products;
			sourceTree = "<group>";
		};
/* End PBXGroup section */

/* Begin PBXNativeTarget section */
		87CF1D932DACE7BA003322F1 /* RM */ = {
			isa = PBXNativeTarget;
			buildConfigurationList = 87CF1DB82DACE7BB003322F1 /* Build configuration list for PBXNativeTarget "RM" */;
			buildPhases = (
				87CF1D902DACE7BA003322F1 /* Sources */,
				87CF1D912DACE7BA003322F1 /* Frameworks */,
				87CF1D922DACE7BA003322F1 /* Resources */,
			);
			buildRules = (
			);
			dependencies = (
			);
			fileSystemSynchronizedGroups = (
				87CF1D962DACE7BA003322F1 /* RM */,
			);
			name = RM;
			packageProductDependencies = (
			);
			productName = RM;
			productReference = 87CF1D942DACE7BA003322F1 /* RM.app */;
			productType = "com.apple.product-type.application";
		};
		87CF1DA32DACE7BB003322F1 /* RMTests */ = {
			isa = PBXNativeTarget;
			buildConfigurationList = 87CF1DBB2DACE7BB003322F1 /* Build configuration list for PBXNativeTarget "RMTests" */;
			buildPhases = (
				87CF1DA02DACE7BB003322F1 /* Sources */,
				87CF1DA12DACE7BB003322F1 /* Frameworks */,
				87CF1DA22DACE7BB003322F1 /* Resources */,
			);
			buildRules = (
			);
			dependencies = (
				87CF1DA62DACE7BB003322F1 /* PBXTargetDependency */,
			);
			fileSystemSynchronizedGroups = (
				87CF1DA72DACE7BB003322F1 /* RMTests */,
			);
			name = RMTests;
			packageProductDependencies = (
				87CF1EAB2DACF3AF003322F1 /* ViewInspector */,
			);
			productName = RMTests;
			productReference = 87CF1DA42DACE7BB003322F1 /* RMTests.xctest */;
			productType = "com.apple.product-type.bundle.unit-test";
		};
		87CF1DAD2DACE7BB003322F1 /* RMUITests */ = {
			isa = PBXNativeTarget;
			buildConfigurationList = 87CF1DBE2DACE7BB003322F1 /* Build configuration list for PBXNativeTarget "RMUITests" */;
			buildPhases = (
				87CF1DAA2DACE7BB003322F1 /* Sources */,
				87CF1DAB2DACE7BB003322F1 /* Frameworks */,
				87CF1DAC2DACE7BB003322F1 /* Resources */,
			);
			buildRules = (
			);
			dependencies = (
				87CF1DB02DACE7BB003322F1 /* PBXTargetDependency */,
			);
			fileSystemSynchronizedGroups = (
				87CF1DB12DACE7BB003322F1 /* RMUITests */,
			);
			name = RMUITests;
			packageProductDependencies = (
			);
			productName = RMUITests;
			productReference = 87CF1DAE2DACE7BB003322F1 /* RMUITests.xctest */;
			productType = "com.apple.product-type.bundle.ui-testing";
		};
/* End PBXNativeTarget section */

/* Begin PBXProject section */
		87CF1D8C2DACE7BA003322F1 /* Project object */ = {
			isa = PBXProject;
			attributes = {
				BuildIndependentTargetsInParallel = 1;
				LastSwiftUpdateCheck = 1600;
				LastUpgradeCheck = 1600;
				TargetAttributes = {
					87CF1D932DACE7BA003322F1 = {
						CreatedOnToolsVersion = 16.0;
					};
					87CF1DA32DACE7BB003322F1 = {
						CreatedOnToolsVersion = 16.0;
						TestTargetID = 87CF1D932DACE7BA003322F1;
					};
					87CF1DAD2DACE7BB003322F1 = {
						CreatedOnToolsVersion = 16.0;
						TestTargetID = 87CF1D932DACE7BA003322F1;
					};
				};
			};
			buildConfigurationList = 87CF1D8F2DACE7BA003322F1 /* Build configuration list for PBXProject "RM" */;
			developmentRegion = en;
			hasScannedForEncodings = 0;
			knownRegions = (
				en,
				Base,
			);
			mainGroup = 87CF1D8B2DACE7BA003322F1;
			minimizedProjectReferenceProxies = 1;
			packageReferences = (
				87CF1EAA2DACF38F003322F1 /* XCRemoteSwiftPackageReference "ViewInspector" */,
			);
			preferredProjectObjectVersion = 77;
			productRefGroup = 87CF1D952DACE7BA003322F1 /* Products */;
			projectDirPath = "";
			projectRoot = "";
			targets = (
				87CF1D932DACE7BA003322F1 /* RM */,
				87CF1DA32DACE7BB003322F1 /* RMTests */,
				87CF1DAD2DACE7BB003322F1 /* RMUITests */,
			);
		};
/* End PBXProject section */

/* Begin PBXResourcesBuildPhase section */
		87CF1D922DACE7BA003322F1 /* Resources */ = {
			isa = PBXResourcesBuildPhase;
			buildActionMask = 2147483647;
			files = (
			);
			runOnlyForDeploymentPostprocessing = 0;
		};
		87CF1DA22DACE7BB003322F1 /* Resources */ = {
			isa = PBXResourcesBuildPhase;
			buildActionMask = 2147483647;
			files = (
			);
			runOnlyForDeploymentPostprocessing = 0;
		};
		87CF1DAC2DACE7BB003322F1 /* Resources */ = {
			isa = PBXResourcesBuildPhase;
			buildActionMask = 2147483647;
			files = (
			);
			runOnlyForDeploymentPostprocessing = 0;
		};
/* End PBXResourcesBuildPhase section */

/* Begin PBXSourcesBuildPhase section */
		87CF1D902DACE7BA003322F1 /* Sources */ = {
			isa = PBXSourcesBuildPhase;
			buildActionMask = 2147483647;
			files = (
			);
			runOnlyForDeploymentPostprocessing = 0;
		};
		87CF1DA02DACE7BB003322F1 /* Sources */ = {
			isa = PBXSourcesBuildPhase;
			buildActionMask = 2147483647;
			files = (
			);
			runOnlyForDeploymentPostprocessing = 0;
		};
		87CF1DAA2DACE7BB003322F1 /* Sources */ = {
			isa = PBXSourcesBuildPhase;
			buildActionMask = 2147483647;
			files = (
			);
			runOnlyForDeploymentPostprocessing = 0;
		};
/* End PBXSourcesBuildPhase section */

/* Begin PBXTargetDependency section */
		87CF1DA62DACE7BB003322F1 /* PBXTargetDependency */ = {
			isa = PBXTargetDependency;
			target = 87CF1D932DACE7BA003322F1 /* RM */;
			targetProxy = 87CF1DA52DACE7BB003322F1 /* PBXContainerItemProxy */;
		};
		87CF1DB02DACE7BB003322F1 /* PBXTargetDependency */ = {
			isa = PBXTargetDependency;
			target = 87CF1D932DACE7BA003322F1 /* RM */;
			targetProxy = 87CF1DAF2DACE7BB003322F1 /* PBXContainerItemProxy */;
		};
/* End PBXTargetDependency section */

/* Begin XCBuildConfiguration section */
		87CF1DB62DACE7BB003322F1 /* Debug */ = {
			isa = XCBuildConfiguration;
			buildSettings = {
				ALWAYS_SEARCH_USER_PATHS = NO;
				ASSETCATALOG_COMPILER_GENERATE_SWIFT_ASSET_SYMBOL_EXTENSIONS = YES;
				CLANG_ANALYZER_NONNULL = YES;
				CLANG_ANALYZER_NUMBER_OBJECT_CONVERSION = YES_AGGRESSIVE;
				CLANG_CXX_LANGUAGE_STANDARD = "gnu++20";
				CLANG_ENABLE_MODULES = YES;
				CLANG_ENABLE_OBJC_ARC = YES;
				CLANG_ENABLE_OBJC_WEAK = YES;
				CLANG_WARN_BLOCK_CAPTURE_AUTORELEASING = YES;
				CLANG_WARN_BOOL_CONVERSION = YES;
				CLANG_WARN_COMMA = YES;
				CLANG_WARN_CONSTANT_CONVERSION = YES;
				CLANG_WARN_DEPRECATED_OBJC_IMPLEMENTATIONS = YES;
				CLANG_WARN_DIRECT_OBJC_ISA_USAGE = YES_ERROR;
				CLANG_WARN_DOCUMENTATION_COMMENTS = YES;
				CLANG_WARN_EMPTY_BODY = YES;
				CLANG_WARN_ENUM_CONVERSION = YES;
				CLANG_WARN_INFINITE_RECURSION = YES;
				CLANG_WARN_INT_CONVERSION = YES;
				CLANG_WARN_NON_LITERAL_NULL_CONVERSION = YES;
				CLANG_WARN_OBJC_IMPLICIT_RETAIN_SELF = YES;
				CLANG_WARN_OBJC_LITERAL_CONVERSION = YES;
				CLANG_WARN_OBJC_ROOT_CLASS = YES_ERROR;
				CLANG_WARN_QUOTED_INCLUDE_IN_FRAMEWORK_HEADER = YES;
				CLANG_WARN_RANGE_LOOP_ANALYSIS = YES;
				CLANG_WARN_STRICT_PROTOTYPES = YES;
				CLANG_WARN_SUSPICIOUS_MOVE = YES;
				CLANG_WARN_UNGUARDED_AVAILABILITY = YES_AGGRESSIVE;
				CLANG_WARN_UNREACHABLE_CODE = YES;
				CLANG_WARN__DUPLICATE_METHOD_MATCH = YES;
				COPY_PHASE_STRIP = NO;
				DEBUG_INFORMATION_FORMAT = dwarf;
				ENABLE_STRICT_OBJC_MSGSEND = YES;
				ENABLE_TESTABILITY = YES;
				ENABLE_USER_SCRIPT_SANDBOXING = YES;
				GCC_C_LANGUAGE_STANDARD = gnu17;
				GCC_DYNAMIC_NO_PIC = NO;
				GCC_NO_COMMON_BLOCKS = YES;
				GCC_OPTIMIZATION_LEVEL = 0;
				GCC_PREPROCESSOR_DEFINITIONS = (
					"DEBUG=1",
					"$(inherited)",
				);
				GCC_WARN_64_TO_32_BIT_CONVERSION = YES;
				GCC_WARN_ABOUT_RETURN_TYPE = YES_ERROR;
				GCC_WARN_UNDECLARED_SELECTOR = YES;
				GCC_WARN_UNINITIALIZED_AUTOS = YES_AGGRESSIVE;
				GCC_WARN_UNUSED_FUNCTION = YES;
				GCC_WARN_UNUSED_VARIABLE = YES;
				IPHONEOS_DEPLOYMENT_TARGET = 18.0;
				LOCALIZATION_PREFERS_STRING_CATALOGS = YES;
				MTL_ENABLE_DEBUG_INFO = INCLUDE_SOURCE;
				MTL_FAST_MATH = YES;
				ONLY_ACTIVE_ARCH = YES;
				SDKROOT = iphoneos;
				SWIFT_ACTIVE_COMPILATION_CONDITIONS = "DEBUG $(inherited)";
				SWIFT_OPTIMIZATION_LEVEL = "-Onone";
			};
			name = Debug;
		};
		87CF1DB72DACE7BB003322F1 /* Release */ = {
			isa = XCBuildConfiguration;
			buildSettings = {
				ALWAYS_SEARCH_USER_PATHS = NO;
				ASSETCATALOG_COMPILER_GENERATE_SWIFT_ASSET_SYMBOL_EXTENSIONS = YES;
				CLANG_ANALYZER_NONNULL = YES;
				CLANG_ANALYZER_NUMBER_OBJECT_CONVERSION = YES_AGGRESSIVE;
				CLANG_CXX_LANGUAGE_STANDARD = "gnu++20";
				CLANG_ENABLE_MODULES = YES;
				CLANG_ENABLE_OBJC_ARC = YES;
				CLANG_ENABLE_OBJC_WEAK = YES;
				CLANG_WARN_BLOCK_CAPTURE_AUTORELEASING = YES;
				CLANG_WARN_BOOL_CONVERSION = YES;
				CLANG_WARN_COMMA = YES;
				CLANG_WARN_CONSTANT_CONVERSION = YES;
				CLANG_WARN_DEPRECATED_OBJC_IMPLEMENTATIONS = YES;
				CLANG_WARN_DIRECT_OBJC_ISA_USAGE = YES_ERROR;
				CLANG_WARN_DOCUMENTATION_COMMENTS = YES;
				CLANG_WARN_EMPTY_BODY = YES;
				CLANG_WARN_ENUM_CONVERSION = YES;
				CLANG_WARN_INFINITE_RECURSION = YES;
				CLANG_WARN_INT_CONVERSION = YES;
				CLANG_WARN_NON_LITERAL_NULL_CONVERSION = YES;
				CLANG_WARN_OBJC_IMPLICIT_RETAIN_SELF = YES;
				CLANG_WARN_OBJC_LITERAL_CONVERSION = YES;
				CLANG_WARN_OBJC_ROOT_CLASS = YES_ERROR;
				CLANG_WARN_QUOTED_INCLUDE_IN_FRAMEWORK_HEADER = YES;
				CLANG_WARN_RANGE_LOOP_ANALYSIS = YES;
				CLANG_WARN_STRICT_PROTOTYPES = YES;
				CLANG_WARN_SUSPICIOUS_MOVE = YES;
				CLANG_WARN_UNGUARDED_AVAILABILITY = YES_AGGRESSIVE;
				CLANG_WARN_UNREACHABLE_CODE = YES;
				CLANG_WARN__DUPLICATE_METHOD_MATCH = YES;
				COPY_PHASE_STRIP = NO;
				DEBUG_INFORMATION_FORMAT = "dwarf-with-dsym";
				ENABLE_NS_ASSERTIONS = NO;
				ENABLE_STRICT_OBJC_MSGSEND = YES;
				ENABLE_USER_SCRIPT_SANDBOXING = YES;
				GCC_C_LANGUAGE_STANDARD = gnu17;
				GCC_NO_COMMON_BLOCKS = YES;
				GCC_WARN_64_TO_32_BIT_CONVERSION = YES;
				GCC_WARN_ABOUT_RETURN_TYPE = YES_ERROR;
				GCC_WARN_UNDECLARED_SELECTOR = YES;
				GCC_WARN_UNINITIALIZED_AUTOS = YES_AGGRESSIVE;
				GCC_WARN_UNUSED_FUNCTION = YES;
				GCC_WARN_UNUSED_VARIABLE = YES;
				IPHONEOS_DEPLOYMENT_TARGET = 18.0;
				LOCALIZATION_PREFERS_STRING_CATALOGS = YES;
				MTL_ENABLE_DEBUG_INFO = NO;
				MTL_FAST_MATH = YES;
				SDKROOT = iphoneos;
				SWIFT_COMPILATION_MODE = wholemodule;
				VALIDATE_PRODUCT = YES;
			};
			name = Release;
		};
		87CF1DB92DACE7BB003322F1 /* Debug */ = {
			isa = XCBuildConfiguration;
			buildSettings = {
				ASSETCATALOG_COMPILER_APPICON_NAME = AppIcon;
				ASSETCATALOG_COMPILER_GLOBAL_ACCENT_COLOR_NAME = AccentColor;
				CODE_SIGN_STYLE = Automatic;
				CURRENT_PROJECT_VERSION = 1;
				DEVELOPMENT_ASSET_PATHS = "\"RM/Preview Content\"";
				ENABLE_PREVIEWS = YES;
				GENERATE_INFOPLIST_FILE = YES;
				INFOPLIST_KEY_UIApplicationSceneManifest_Generation = YES;
				INFOPLIST_KEY_UIApplicationSupportsIndirectInputEvents = YES;
				INFOPLIST_KEY_UILaunchScreen_Generation = YES;
				INFOPLIST_KEY_UISupportedInterfaceOrientations_iPad = "UIInterfaceOrientationPortrait UIInterfaceOrientationPortraitUpsideDown UIInterfaceOrientationLandscapeLeft UIInterfaceOrientationLandscapeRight";
				INFOPLIST_KEY_UISupportedInterfaceOrientations_iPhone = "UIInterfaceOrientationPortrait UIInterfaceOrientationLandscapeLeft UIInterfaceOrientationLandscapeRight";
				LD_RUNPATH_SEARCH_PATHS = (
					"$(inherited)",
					"@executable_path/Frameworks",
				);
				MARKETING_VERSION = 1.0;
				PRODUCT_BUNDLE_IDENTIFIER = com.RM;
				PRODUCT_NAME = "$(TARGET_NAME)";
				SWIFT_EMIT_LOC_STRINGS = YES;
				SWIFT_VERSION = 5.0;
				TARGETED_DEVICE_FAMILY = "1,2";
			};
			name = Debug;
		};
		87CF1DBA2DACE7BB003322F1 /* Release */ = {
			isa = XCBuildConfiguration;
			buildSettings = {
				ASSETCATALOG_COMPILER_APPICON_NAME = AppIcon;
				ASSETCATALOG_COMPILER_GLOBAL_ACCENT_COLOR_NAME = AccentColor;
				CODE_SIGN_STYLE = Automatic;
				CURRENT_PROJECT_VERSION = 1;
				DEVELOPMENT_ASSET_PATHS = "\"RM/Preview Content\"";
				ENABLE_PREVIEWS = YES;
				GENERATE_INFOPLIST_FILE = YES;
				INFOPLIST_KEY_UIApplicationSceneManifest_Generation = YES;
				INFOPLIST_KEY_UIApplicationSupportsIndirectInputEvents = YES;
				INFOPLIST_KEY_UILaunchScreen_Generation = YES;
				INFOPLIST_KEY_UISupportedInterfaceOrientations_iPad = "UIInterfaceOrientationPortrait UIInterfaceOrientationPortraitUpsideDown UIInterfaceOrientationLandscapeLeft UIInterfaceOrientationLandscapeRight";
				INFOPLIST_KEY_UISupportedInterfaceOrientations_iPhone = "UIInterfaceOrientationPortrait UIInterfaceOrientationLandscapeLeft UIInterfaceOrientationLandscapeRight";
				LD_RUNPATH_SEARCH_PATHS = (
					"$(inherited)",
					"@executable_path/Frameworks",
				);
				MARKETING_VERSION = 1.0;
				PRODUCT_BUNDLE_IDENTIFIER = com.RM;
				PRODUCT_NAME = "$(TARGET_NAME)";
				SWIFT_EMIT_LOC_STRINGS = YES;
				SWIFT_VERSION = 5.0;
				TARGETED_DEVICE_FAMILY = "1,2";
			};
			name = Release;
		};
		87CF1DBC2DACE7BB003322F1 /* Debug */ = {
			isa = XCBuildConfiguration;
			buildSettings = {
				BUNDLE_LOADER = "$(TEST_HOST)";
				CODE_SIGN_STYLE = Automatic;
				CURRENT_PROJECT_VERSION = 1;
				GENERATE_INFOPLIST_FILE = YES;
				IPHONEOS_DEPLOYMENT_TARGET = 18.0;
				MARKETING_VERSION = 1.0;
				PRODUCT_BUNDLE_IDENTIFIER = com.RMTests;
				PRODUCT_NAME = "$(TARGET_NAME)";
				SWIFT_EMIT_LOC_STRINGS = NO;
				SWIFT_VERSION = 5.0;
				TARGETED_DEVICE_FAMILY = "1,2";
				TEST_HOST = "$(BUILT_PRODUCTS_DIR)/RM.app/$(BUNDLE_EXECUTABLE_FOLDER_PATH)/RM";
			};
			name = Debug;
		};
		87CF1DBD2DACE7BB003322F1 /* Release */ = {
			isa = XCBuildConfiguration;
			buildSettings = {
				BUNDLE_LOADER = "$(TEST_HOST)";
				CODE_SIGN_STYLE = Automatic;
				CURRENT_PROJECT_VERSION = 1;
				GENERATE_INFOPLIST_FILE = YES;
				IPHONEOS_DEPLOYMENT_TARGET = 18.0;
				MARKETING_VERSION = 1.0;
				PRODUCT_BUNDLE_IDENTIFIER = com.RMTests;
				PRODUCT_NAME = "$(TARGET_NAME)";
				SWIFT_EMIT_LOC_STRINGS = NO;
				SWIFT_VERSION = 5.0;
				TARGETED_DEVICE_FAMILY = "1,2";
				TEST_HOST = "$(BUILT_PRODUCTS_DIR)/RM.app/$(BUNDLE_EXECUTABLE_FOLDER_PATH)/RM";
			};
			name = Release;
		};
		87CF1DBF2DACE7BB003322F1 /* Debug */ = {
			isa = XCBuildConfiguration;
			buildSettings = {
				CODE_SIGN_STYLE = Automatic;
				CURRENT_PROJECT_VERSION = 1;
				GENERATE_INFOPLIST_FILE = YES;
				MARKETING_VERSION = 1.0;
				PRODUCT_BUNDLE_IDENTIFIER = com.RMUITests;
				PRODUCT_NAME = "$(TARGET_NAME)";
				SWIFT_EMIT_LOC_STRINGS = NO;
				SWIFT_VERSION = 5.0;
				TARGETED_DEVICE_FAMILY = "1,2";
				TEST_TARGET_NAME = RM;
			};
			name = Debug;
		};
		87CF1DC02DACE7BB003322F1 /* Release */ = {
			isa = XCBuildConfiguration;
			buildSettings = {
				CODE_SIGN_STYLE = Automatic;
				CURRENT_PROJECT_VERSION = 1;
				GENERATE_INFOPLIST_FILE = YES;
				MARKETING_VERSION = 1.0;
				PRODUCT_BUNDLE_IDENTIFIER = com.RMUITests;
				PRODUCT_NAME = "$(TARGET_NAME)";
				SWIFT_EMIT_LOC_STRINGS = NO;
				SWIFT_VERSION = 5.0;
				TARGETED_DEVICE_FAMILY = "1,2";
				TEST_TARGET_NAME = RM;
			};
			name = Release;
		};
/* End XCBuildConfiguration section */

/* Begin XCConfigurationList section */
		87CF1D8F2DACE7BA003322F1 /* Build configuration list for PBXProject "RM" */ = {
			isa = XCConfigurationList;
			buildConfigurations = (
				87CF1DB62DACE7BB003322F1 /* Debug */,
				87CF1DB72DACE7BB003322F1 /* Release */,
			);
			defaultConfigurationIsVisible = 0;
			defaultConfigurationName = Release;
		};
		87CF1DB82DACE7BB003322F1 /* Build configuration list for PBXNativeTarget "RM" */ = {
			isa = XCConfigurationList;
			buildConfigurations = (
				87CF1DB92DACE7BB003322F1 /* Debug */,
				87CF1DBA2DACE7BB003322F1 /* Release */,
			);
			defaultConfigurationIsVisible = 0;
			defaultConfigurationName = Release;
		};
		87CF1DBB2DACE7BB003322F1 /* Build configuration list for PBXNativeTarget "RMTests" */ = {
			isa = XCConfigurationList;
			buildConfigurations = (
				87CF1DBC2DACE7BB003322F1 /* Debug */,
				87CF1DBD2DACE7BB003322F1 /* Release */,
			);
			defaultConfigurationIsVisible = 0;
			defaultConfigurationName = Release;
		};
		87CF1DBE2DACE7BB003322F1 /* Build configuration list for PBXNativeTarget "RMUITests" */ = {
			isa = XCConfigurationList;
			buildConfigurations = (
				87CF1DBF2DACE7BB003322F1 /* Debug */,
				87CF1DC02DACE7BB003322F1 /* Release */,
			);
			defaultConfigurationIsVisible = 0;
			defaultConfigurationName = Release;
		};
/* End XCConfigurationList section */

/* Begin XCRemoteSwiftPackageReference section */
		87CF1EAA2DACF38F003322F1 /* XCRemoteSwiftPackageReference "ViewInspector" */ = {
			isa = XCRemoteSwiftPackageReference;
			repositoryURL = "https://github.com/nalexn/ViewInspector";
			requirement = {
				kind = upToNextMajorVersion;
				minimumVersion = 0.10.1;
			};
		};
/* End XCRemoteSwiftPackageReference section */

/* Begin XCSwiftPackageProductDependency section */
		87CF1EAB2DACF3AF003322F1 /* ViewInspector */ = {
			isa = XCSwiftPackageProductDependency;
			package = 87CF1EAA2DACF38F003322F1 /* XCRemoteSwiftPackageReference "ViewInspector" */;
			productName = ViewInspector;
		};
/* End XCSwiftPackageProductDependency section */
	};
	rootObject = 87CF1D8C2DACE7BA003322F1 /* Project object */;
}
